// !$*UTF8*$!
{
	archiveVersion = 1;
	classes = {
	};
	objectVersion = 46;
	objects = {

/* Begin PBXBuildFile section */
		7DA1220215ED950900A6B625 /* UIKit.framework in Frameworks */ = {isa = PBXBuildFile; fileRef = 7DA1220115ED950900A6B625 /* UIKit.framework */; };
		7DA1220415ED950900A6B625 /* Foundation.framework in Frameworks */ = {isa = PBXBuildFile; fileRef = 7DA1220315ED950900A6B625 /* Foundation.framework */; };
		7DA1220615ED950900A6B625 /* CoreGraphics.framework in Frameworks */ = {isa = PBXBuildFile; fileRef = 7DA1220515ED950900A6B625 /* CoreGraphics.framework */; };
		7DA1220815ED950900A6B625 /* CoreData.framework in Frameworks */ = {isa = PBXBuildFile; fileRef = 7DA1220715ED950900A6B625 /* CoreData.framework */; };
		7DA1220E15ED950900A6B625 /* InfoPlist.strings in Resources */ = {isa = PBXBuildFile; fileRef = 7DA1220C15ED950900A6B625 /* InfoPlist.strings */; };
		7DA1221015ED950900A6B625 /* main.m in Sources */ = {isa = PBXBuildFile; fileRef = 7DA1220F15ED950900A6B625 /* main.m */; };
		7DA1221415ED950900A6B625 /* AppDelegate.m in Sources */ = {isa = PBXBuildFile; fileRef = 7DA1221315ED950900A6B625 /* AppDelegate.m */; };
		7DA1221715ED950900A6B625 /* coreData.xcdatamodeld in Sources */ = {isa = PBXBuildFile; fileRef = 7DA1221515ED950900A6B625 /* coreData.xcdatamodeld */; };
		7DA1222015ED971800A6B625 /* coreDataViewController.m in Sources */ = {isa = PBXBuildFile; fileRef = 7DA1221E15ED971800A6B625 /* coreDataViewController.m */; };
		7DA1222115ED971800A6B625 /* coreDataViewController.xib in Resources */ = {isa = PBXBuildFile; fileRef = 7DA1221F15ED971800A6B625 /* coreDataViewController.xib */; };
		7DC79BB817880C3F00D2D600 /* Default-568h@2x.png in Resources */ = {isa = PBXBuildFile; fileRef = 7DC79BB717880C3F00D2D600 /* Default-568h@2x.png */; };
/* End PBXBuildFile section */

/* Begin PBXFileReference section */
		7DA121FD15ED950900A6B625 /* coreData.app */ = {isa = PBXFileReference; explicitFileType = wrapper.application; includeInIndex = 0; path = coreData.app; sourceTree = BUILT_PRODUCTS_DIR; };
		7DA1220115ED950900A6B625 /* UIKit.framework */ = {isa = PBXFileReference; lastKnownFileType = wrapper.framework; name = UIKit.framework; path = System/Library/Frameworks/UIKit.framework; sourceTree = SDKROOT; };
		7DA1220315ED950900A6B625 /* Foundation.framework */ = {isa = PBXFileReference; lastKnownFileType = wrapper.framework; name = Foundation.framework; path = System/Library/Frameworks/Foundation.framework; sourceTree = SDKROOT; };
		7DA1220515ED950900A6B625 /* CoreGraphics.framework */ = {isa = PBXFileReference; lastKnownFileType = wrapper.framework; name = CoreGraphics.framework; path = System/Library/Frameworks/CoreGraphics.framework; sourceTree = SDKROOT; };
		7DA1220715ED950900A6B625 /* CoreData.framework */ = {isa = PBXFileReference; lastKnownFileType = wrapper.framework; name = CoreData.framework; path = System/Library/Frameworks/CoreData.framework; sourceTree = SDKROOT; };
		7DA1220B15ED950900A6B625 /* coreData-Info.plist */ = {isa = PBXFileReference; lastKnownFileType = text.plist.xml; path = "coreData-Info.plist"; sourceTree = "<group>"; };
		7DA1220D15ED950900A6B625 /* en */ = {isa = PBXFileReference; lastKnownFileType = text.plist.strings; name = en; path = en.lproj/InfoPlist.strings; sourceTree = "<group>"; };
		7DA1220F15ED950900A6B625 /* main.m */ = {isa = PBXFileReference; lastKnownFileType = sourcecode.c.objc; path = main.m; sourceTree = "<group>"; };
		7DA1221115ED950900A6B625 /* coreData-Prefix.pch */ = {isa = PBXFileReference; lastKnownFileType = sourcecode.c.h; path = "coreData-Prefix.pch"; sourceTree = "<group>"; };
		7DA1221215ED950900A6B625 /* AppDelegate.h */ = {isa = PBXFileReference; lastKnownFileType = sourcecode.c.h; path = AppDelegate.h; sourceTree = "<group>"; };
		7DA1221315ED950900A6B625 /* AppDelegate.m */ = {isa = PBXFileReference; lastKnownFileType = sourcecode.c.objc; path = AppDelegate.m; sourceTree = "<group>"; };
		7DA1221615ED950900A6B625 /* coreData.xcdatamodel */ = {isa = PBXFileReference; lastKnownFileType = wrapper.xcdatamodel; path = coreData.xcdatamodel; sourceTree = "<group>"; };
		7DA1221D15ED971700A6B625 /* coreDataViewController.h */ = {isa = PBXFileReference; fileEncoding = 4; lastKnownFileType = sourcecode.c.h; path = coreDataViewController.h; sourceTree = "<group>"; };
		7DA1221E15ED971800A6B625 /* coreDataViewController.m */ = {isa = PBXFileReference; fileEncoding = 4; lastKnownFileType = sourcecode.c.objc; path = coreDataViewController.m; sourceTree = "<group>"; };
		7DA1221F15ED971800A6B625 /* coreDataViewController.xib */ = {isa = PBXFileReference; fileEncoding = 4; lastKnownFileType = file.xib; path = coreDataViewController.xib; sourceTree = "<group>"; };
		7DC79BB717880C3F00D2D600 /* Default-568h@2x.png */ = {isa = PBXFileReference; lastKnownFileType = image.png; path = "Default-568h@2x.png"; sourceTree = "<group>"; };
/* End PBXFileReference section */

/* Begin PBXFrameworksBuildPhase section */
		7DA121FA15ED950900A6B625 /* Frameworks */ = {
			isa = PBXFrameworksBuildPhase;
			buildActionMask = 2147483647;
			files = (
				7DA1220215ED950900A6B625 /* UIKit.framework in Frameworks */,
				7DA1220415ED950900A6B625 /* Foundation.framework in Frameworks */,
				7DA1220615ED950900A6B625 /* CoreGraphics.framework in Frameworks */,
				7DA1220815ED950900A6B625 /* CoreData.framework in Frameworks */,
			);
			runOnlyForDeploymentPostprocessing = 0;
		};
/* End PBXFrameworksBuildPhase section */

/* Begin PBXGroup section */
		7DA121F215ED950900A6B625 = {
			isa = PBXGroup;
			children = (
				7DC79BB717880C3F00D2D600 /* Default-568h@2x.png */,
				7DA1221D15ED971700A6B625 /* coreDataViewController.h */,
				7DA1221E15ED971800A6B625 /* coreDataViewController.m */,
				7DA1221F15ED971800A6B625 /* coreDataViewController.xib */,
				7DA1220915ED950900A6B625 /* coreData */,
				7DA1220015ED950900A6B625 /* Frameworks */,
				7DA121FE15ED950900A6B625 /* Products */,
			);
			sourceTree = "<group>";
		};
		7DA121FE15ED950900A6B625 /* Products */ = {
			isa = PBXGroup;
			children = (
				7DA121FD15ED950900A6B625 /* coreData.app */,
			);
			name = Products;
			sourceTree = "<group>";
		};
		7DA1220015ED950900A6B625 /* Frameworks */ = {
			isa = PBXGroup;
			children = (
				7DA1220115ED950900A6B625 /* UIKit.framework */,
				7DA1220315ED950900A6B625 /* Foundation.framework */,
				7DA1220515ED950900A6B625 /* CoreGraphics.framework */,
				7DA1220715ED950900A6B625 /* CoreData.framework */,
			);
			name = Frameworks;
			sourceTree = "<group>";
		};
		7DA1220915ED950900A6B625 /* coreData */ = {
			isa = PBXGroup;
			children = (
				7DA1221215ED950900A6B625 /* AppDelegate.h */,
				7DA1221315ED950900A6B625 /* AppDelegate.m */,
				7DA1221515ED950900A6B625 /* coreData.xcdatamodeld */,
				7DA1220A15ED950900A6B625 /* Supporting Files */,
			);
			path = coreData;
			sourceTree = "<group>";
		};
		7DA1220A15ED950900A6B625 /* Supporting Files */ = {
			isa = PBXGroup;
			children = (
				7DA1220B15ED950900A6B625 /* coreData-Info.plist */,
				7DA1220C15ED950900A6B625 /* InfoPlist.strings */,
				7DA1220F15ED950900A6B625 /* main.m */,
				7DA1221115ED950900A6B625 /* coreData-Prefix.pch */,
			);
			name = "Supporting Files";
			sourceTree = "<group>";
		};
/* End PBXGroup section */

/* Begin PBXNativeTarget section */
		7DA121FC15ED950900A6B625 /* coreData */ = {
			isa = PBXNativeTarget;
			buildConfigurationList = 7DA1221A15ED950900A6B625 /* Build configuration list for PBXNativeTarget "coreData" */;
			buildPhases = (
				7DA121F915ED950900A6B625 /* Sources */,
				7DA121FA15ED950900A6B625 /* Frameworks */,
				7DA121FB15ED950900A6B625 /* Resources */,
			);
			buildRules = (
			);
			dependencies = (
			);
			name = coreData;
			productName = coreData;
			productReference = 7DA121FD15ED950900A6B625 /* coreData.app */;
			productType = "com.apple.product-type.application";
		};
/* End PBXNativeTarget section */

/* Begin PBXProject section */
		7DA121F415ED950900A6B625 /* Project object */ = {
			isa = PBXProject;
			attributes = {
				LastUpgradeCheck = 0460;
				ORGANIZATIONNAME = LLBER;
			};
			buildConfigurationList = 7DA121F715ED950900A6B625 /* Build configuration list for PBXProject "coreData" */;
			compatibilityVersion = "Xcode 3.2";
			developmentRegion = English;
			hasScannedForEncodings = 0;
			knownRegions = (
				en,
			);
			mainGroup = 7DA121F215ED950900A6B625;
			productRefGroup = 7DA121FE15ED950900A6B625 /* Products */;
			projectDirPath = "";
			projectRoot = "";
			targets = (
				7DA121FC15ED950900A6B625 /* coreData */,
			);
		};
/* End PBXProject section */

/* Begin PBXResourcesBuildPhase section */
		7DA121FB15ED950900A6B625 /* Resources */ = {
			isa = PBXResourcesBuildPhase;
			buildActionMask = 2147483647;
			files = (
				7DA1220E15ED950900A6B625 /* InfoPlist.strings in Resources */,
				7DA1222115ED971800A6B625 /* coreDataViewController.xib in Resources */,
				7DC79BB817880C3F00D2D600 /* Default-568h@2x.png in Resources */,
			);
			runOnlyForDeploymentPostprocessing = 0;
		};
/* End PBXResourcesBuildPhase section */

/* Begin PBXSourcesBuildPhase section */
		7DA121F915ED950900A6B625 /* Sources */ = {
			isa = PBXSourcesBuildPhase;
			buildActionMask = 2147483647;
			files = (
				7DA1221015ED950900A6B625 /* main.m in Sources */,
				7DA1221415ED950900A6B625 /* AppDelegate.m in Sources */,
				7DA1221715ED950900A6B625 /* coreData.xcdatamodeld in Sources */,
				7DA1222015ED971800A6B625 /* coreDataViewController.m in Sources */,
			);
			runOnlyForDeploymentPostprocessing = 0;
		};
/* End PBXSourcesBuildPhase section */

/* Begin PBXVariantGroup section */
		7DA1220C15ED950900A6B625 /* InfoPlist.strings */ = {
			isa = PBXVariantGroup;
			children = (
				7DA1220D15ED950900A6B625 /* en */,
			);
			name = InfoPlist.strings;
			sourceTree = "<group>";
		};
/* End PBXVariantGroup section */

/* Begin XCBuildConfiguration section */
		7DA1221815ED950900A6B625 /* Debug */ = {
			isa = XCBuildConfiguration;
			buildSettings = {
				ALWAYS_SEARCH_USER_PATHS = NO;
				ARCHS = "$(ARCHS_STANDARD_32_BIT)";
				CLANG_CXX_LANGUAGE_STANDARD = "gnu++0x";
				CLANG_ENABLE_OBJC_ARC = YES;
				CLANG_WARN_CONSTANT_CONVERSION = YES;
				CLANG_WARN_ENUM_CONVERSION = YES;
				CLANG_WARN_INT_CONVERSION = YES;
				CLANG_WARN__DUPLICATE_METHOD_MATCH = YES;
				"CODE_SIGN_IDENTITY[sdk=iphoneos*]" = "iPhone Developer";
				COPY_PHASE_STRIP = NO;
				GCC_C_LANGUAGE_STANDARD = gnu99;
				GCC_DYNAMIC_NO_PIC = NO;
				GCC_OPTIMIZATION_LEVEL = 0;
				GCC_PREPROCESSOR_DEFINITIONS = (
					"DEBUG=1",
					"$(inherited)",
				);
				GCC_SYMBOLS_PRIVATE_EXTERN = NO;
				GCC_VERSION = com.apple.compilers.llvm.clang.1_0;
				GCC_WARN_ABOUT_RETURN_TYPE = YES;
				GCC_WARN_UNINITIALIZED_AUTOS = YES;
				GCC_WARN_UNUSED_VARIABLE = YES;
				IPHONEOS_DEPLOYMENT_TARGET = 5.1;
				SDKROOT = iphoneos;
			};
			name = Debug;
		};
		7DA1221915ED950900A6B625 /* Release */ = {
			isa = XCBuildConfiguration;
			buildSettings = {
				ALWAYS_SEARCH_USER_PATHS = NO;
				ARCHS = "$(ARCHS_STANDARD_32_BIT)";
				CLANG_CXX_LANGUAGE_STANDARD = "gnu++0x";
				CLANG_ENABLE_OBJC_ARC = YES;
				CLANG_WARN_CONSTANT_CONVERSION = YES;
				CLANG_WARN_ENUM_CONVERSION = YES;
				CLANG_WARN_INT_CONVERSION = YES;
				CLANG_WARN__DUPLICATE_METHOD_MATCH = YES;
				"CODE_SIGN_IDENTITY[sdk=iphoneos*]" = "iPhone Developer";
				COPY_PHASE_STRIP = YES;
				GCC_C_LANGUAGE_STANDARD = gnu99;
				GCC_VERSION = com.apple.compilers.llvm.clang.1_0;
				GCC_WARN_ABOUT_RETURN_TYPE = YES;
				GCC_WARN_UNINITIALIZED_AUTOS = YES;
				GCC_WARN_UNUSED_VARIABLE = YES;
				IPHONEOS_DEPLOYMENT_TARGET = 5.1;
				OTHER_CFLAGS = "-DNS_BLOCK_ASSERTIONS=1";
				SDKROOT = iphoneos;
				VALIDATE_PRODUCT = YES;
			};
			name = Release;
		};
		7DA1221B15ED950900A6B625 /* Debug */ = {
			isa = XCBuildConfiguration;
			buildSettings = {
				GCC_PRECOMPILE_PREFIX_HEADER = YES;
				GCC_PREFIX_HEADER = "coreData/coreData-Prefix.pch";
				INFOPLIST_FILE = "coreData/coreData-Info.plist";
				PRODUCT_NAME = "$(TARGET_NAME)";
				WRAPPER_EXTENSION = app;
			};
			name = Debug;
		};
		7DA1221C15ED950900A6B625 /* Release */ = {
			isa = XCBuildConfiguration;
			buildSettings = {
				GCC_PRECOMPILE_PREFIX_HEADER = YES;
				GCC_PREFIX_HEADER = "coreData/coreData-Prefix.pch";
				INFOPLIST_FILE = "coreData/coreData-Info.plist";
				PRODUCT_NAME = "$(TARGET_NAME)";
				WRAPPER_EXTENSION = app;
			};
			name = Release;
		};
/* End XCBuildConfiguration section */

/* Begin XCConfigurationList section */
		7DA121F715ED950900A6B625 /* Build configuration list for PBXProject "coreData" */ = {
			isa = XCConfigurationList;
			buildConfigurations = (
				7DA1221815ED950900A6B625 /* Debug */,
				7DA1221915ED950900A6B625 /* Release */,
			);
			defaultConfigurationIsVisible = 0;
			defaultConfigurationName = Release;
		};
		7DA1221A15ED950900A6B625 /* Build configuration list for PBXNativeTarget "coreData" */ = {
			isa = XCConfigurationList;
			buildConfigurations = (
				7DA1221B15ED950900A6B625 /* Debug */,
				7DA1221C15ED950900A6B625 /* Release */,
			);
			defaultConfigurationIsVisible = 0;
			defaultConfigurationName = Release;
		};
/* End XCConfigurationList section */

/* Begin XCVersionGroup section */
		7DA1221515ED950900A6B625 /* coreData.xcdatamodeld */ = {
			isa = XCVersionGroup;
			children = (
				7DA1221615ED950900A6B625 /* coreData.xcdatamodel */,
			);
			currentVersion = 7DA1221615ED950900A6B625 /* coreData.xcdatamodel */;
			path = coreData.xcdatamodeld;
			sourceTree = "<group>";
			versionGroupType = wrapper.xcdatamodel;
		};
/* End XCVersionGroup section */
	};
	rootObject = 7DA121F415ED950900A6B625 /* Project object */;
}
